
Microsoft Visual Studio Solution File, Format Version 12.00
# Visual Studio Version 16
VisualStudioVersion = 16.0.28917.182
MinimumVisualStudioVersion = 10.0.40219.1
Project("{8BC9CEB8-8B4A-11D0-8D11-00A0C91BC942}") = "Taiterbot", "Taiterbot\Taiterbot.vcxproj", "{1859DFA8-08C5-4B2D-8EA4-201DCD5021CE}"
EndProject
Global
	GlobalSection(SolutionConfigurationPlatforms) = preSolution
		Debug|x64 = Debug|x64
		Debug|x86 = Debug|x86
		Release|x64 = Release|x64
		Release|x86 = Release|x86
	EndGlobalSection
	GlobalSection(ProjectConfigurationPlatforms) = postSolution
		{1859DFA8-08C5-4B2D-8EA4-201DCD5021CE}.Debug|x64.ActiveCfg = Debug|x64
		{1859DFA8-08C5-4B2D-8EA4-201DCD5021CE}.Debug|x64.Build.0 = Debug|x64
		{1859DFA8-08C5-4B2D-8EA4-201DCD5021CE}.Debug|x86.ActiveCfg = Debug|Win32
		{1859DFA8-08C5-4B2D-8EA4-201DCD5021CE}.Debug|x86.Build.0 = Debug|Win32
		{1859DFA8-08C5-4B2D-8EA4-201DCD5021CE}.Release|x64.ActiveCfg = Release|x64
		{1859DFA8-08C5-4B2D-8EA4-201DCD5021CE}.Release|x64.Build.0 = Release|x64
		{1859DFA8-08C5-4B2D-8EA4-201DCD5021CE}.Release|x86.ActiveCfg = Release|Win32
		{1859DFA8-08C5-4B2D-8EA4-201DCD5021CE}.Release|x86.Build.0 = Release|Win32
	EndGlobalSection
	GlobalSection(SolutionProperties) = preSolution
		HideSolutionNode = FALSE
	EndGlobalSection
	GlobalSection(ExtensibilityGlobals) = postSolution
		SolutionGuid = {759D35E9-47AF-4896-88DF-CDBDAA82224C}
	EndGlobalSection
EndGlobal
